
Microsoft Visual Studio Solution File, Format Version 12.00
# Visual Studio Version 17
VisualStudioVersion = 17.14.36408.4 d17.14
MinimumVisualStudioVersion = 10.0.40219.1
Project("{FAE04EC0-301F-11D3-BF4B-00C04F79EFBC}") = "FE", "FE.csproj", "{922FA2BF-0BFE-4A94-8044-D10AD30A1E6F}"
EndProject
Project("{FAE04EC0-301F-11D3-BF4B-00C04F79EFBC}") = "BE", "..\BE\BE.csproj", "{A9DD4CCA-B502-4A4B-9C1D-C0E36E9E80A6}"
EndProject
Global
	GlobalSection(SolutionConfigurationPlatforms) = preSolution
		Debug|Any CPU = Debug|Any CPU
		Release|Any CPU = Release|Any CPU
	EndGlobalSection
	GlobalSection(ProjectConfigurationPlatforms) = postSolution
		{922FA2BF-0BFE-4A94-8044-D10AD30A1E6F}.Debug|Any CPU.ActiveCfg = Debug|Any CPU
		{922FA2BF-0BFE-4A94-8044-D10AD30A1E6F}.Debug|Any CPU.Build.0 = Debug|Any CPU
		{922FA2BF-0BFE-4A94-8044-D10AD30A1E6F}.Debug|Any CPU.Deploy.0 = Debug|Any CPU
		{922FA2BF-0BFE-4A94-8044-D10AD30A1E6F}.Release|Any CPU.ActiveCfg = Release|Any CPU
		{922FA2BF-0BFE-4A94-8044-D10AD30A1E6F}.Release|Any CPU.Build.0 = Release|Any CPU
		{922FA2BF-0BFE-4A94-8044-D10AD30A1E6F}.Release|Any CPU.Deploy.0 = Release|Any CPU
		{A9DD4CCA-B502-4A4B-9C1D-C0E36E9E80A6}.Debug|Any CPU.ActiveCfg = Debug|Any CPU
		{A9DD4CCA-B502-4A4B-9C1D-C0E36E9E80A6}.Debug|Any CPU.Build.0 = Debug|Any CPU
		{A9DD4CCA-B502-4A4B-9C1D-C0E36E9E80A6}.Release|Any CPU.ActiveCfg = Release|Any CPU
		{A9DD4CCA-B502-4A4B-9C1D-C0E36E9E80A6}.Release|Any CPU.Build.0 = Release|Any CPU
	EndGlobalSection
	GlobalSection(SolutionProperties) = preSolution
		HideSolutionNode = FALSE
	EndGlobalSection
	GlobalSection(ExtensibilityGlobals) = postSolution
		SolutionGuid = {AF36C8DA-730A-4217-A252-33F8D0E28D0F}
	EndGlobalSection
EndGlobal
